
Microsoft Visual Studio Solution File, Format Version 12.00
# Visual Studio Version 16
VisualStudioVersion = 16.0.29001.49
MinimumVisualStudioVersion = 10.0.40219.1
Project("{9A19103F-16F7-4668-BE54-9A1E7A4F7556}") = "RpcClientDemo", "RpcClientDemo\RpcClientDemo.csproj", "{81730209-F950-4804-9BD7-286DFA0A6FD7}"
EndProject
Project("{9A19103F-16F7-4668-BE54-9A1E7A4F7556}") = "RpcServerDemo", "RpcServerDemo\RpcServerDemo.csproj", "{07BB1EEE-CD96-4F91-B18D-8ABDDD8D2E18}"
EndProject
Project("{9A19103F-16F7-4668-BE54-9A1E7A4F7556}") = "sofa-bolt-csharp", "sofa-bolt-csharp\sofa-bolt-csharp.csproj", "{E15A5A21-D01D-4C83-A424-821B1677E117}"
EndProject
Project("{9A19103F-16F7-4668-BE54-9A1E7A4F7556}") = "sofa-bolt-csharp-test", "sofa-bolt-csharp-test\sofa-bolt-csharp-test.csproj", "{EF0603C8-2B8C-445A-B0D5-58F186E7FCF9}"
EndProject
Project("{E53339B2-1760-4266-BCC7-CA923CBCF16C}") = "docker-compose", "docker-compose.dcproj", "{0273EDAB-17BB-4AAC-A3F2-6FA812E6EA8F}"
EndProject
Global
	GlobalSection(SolutionConfigurationPlatforms) = preSolution
		Debug|Any CPU = Debug|Any CPU
		Release|Any CPU = Release|Any CPU
	EndGlobalSection
	GlobalSection(ProjectConfigurationPlatforms) = postSolution
		{81730209-F950-4804-9BD7-286DFA0A6FD7}.Debug|Any CPU.ActiveCfg = Debug|Any CPU
		{81730209-F950-4804-9BD7-286DFA0A6FD7}.Debug|Any CPU.Build.0 = Debug|Any CPU
		{81730209-F950-4804-9BD7-286DFA0A6FD7}.Release|Any CPU.ActiveCfg = Release|Any CPU
		{81730209-F950-4804-9BD7-286DFA0A6FD7}.Release|Any CPU.Build.0 = Release|Any CPU
		{07BB1EEE-CD96-4F91-B18D-8ABDDD8D2E18}.Debug|Any CPU.ActiveCfg = Debug|Any CPU
		{07BB1EEE-CD96-4F91-B18D-8ABDDD8D2E18}.Debug|Any CPU.Build.0 = Debug|Any CPU
		{07BB1EEE-CD96-4F91-B18D-8ABDDD8D2E18}.Release|Any CPU.ActiveCfg = Release|Any CPU
		{07BB1EEE-CD96-4F91-B18D-8ABDDD8D2E18}.Release|Any CPU.Build.0 = Release|Any CPU
		{E15A5A21-D01D-4C83-A424-821B1677E117}.Debug|Any CPU.ActiveCfg = Debug|Any CPU
		{E15A5A21-D01D-4C83-A424-821B1677E117}.Debug|Any CPU.Build.0 = Debug|Any CPU
		{E15A5A21-D01D-4C83-A424-821B1677E117}.Release|Any CPU.ActiveCfg = Release|Any CPU
		{E15A5A21-D01D-4C83-A424-821B1677E117}.Release|Any CPU.Build.0 = Release|Any CPU
		{EF0603C8-2B8C-445A-B0D5-58F186E7FCF9}.Debug|Any CPU.ActiveCfg = Debug|Any CPU
		{EF0603C8-2B8C-445A-B0D5-58F186E7FCF9}.Debug|Any CPU.Build.0 = Debug|Any CPU
		{EF0603C8-2B8C-445A-B0D5-58F186E7FCF9}.Release|Any CPU.ActiveCfg = Release|Any CPU
		{EF0603C8-2B8C-445A-B0D5-58F186E7FCF9}.Release|Any CPU.Build.0 = Release|Any CPU
		{0273EDAB-17BB-4AAC-A3F2-6FA812E6EA8F}.Debug|Any CPU.ActiveCfg = Debug|Any CPU
		{0273EDAB-17BB-4AAC-A3F2-6FA812E6EA8F}.Debug|Any CPU.Build.0 = Debug|Any CPU
		{0273EDAB-17BB-4AAC-A3F2-6FA812E6EA8F}.Release|Any CPU.ActiveCfg = Release|Any CPU
		{0273EDAB-17BB-4AAC-A3F2-6FA812E6EA8F}.Release|Any CPU.Build.0 = Release|Any CPU
	EndGlobalSection
	GlobalSection(SolutionProperties) = preSolution
		HideSolutionNode = FALSE
	EndGlobalSection
	GlobalSection(ExtensibilityGlobals) = postSolution
		SolutionGuid = {1FBD8DF1-D90A-4F21-8EB6-DA17B9431FE3}
		{9FE6A783-C20D-4097-9988-4178E2C4CE75} = {126EA539-4B28-4B07-8B5D-D1D7F794D189}
	EndGlobalSection
EndGlobal
